
Microsoft Visual Studio Solution File, Format Version 12.00
# Visual Studio Version 17
VisualStudioVersion = 17.2.32602.215
MinimumVisualStudioVersion = 10.0.40219.1
Project("{FAE04EC0-301F-11D3-BF4B-00C04F79EFBC}") = "ProyectoProductoMascota", "ProyectoProductoMascota\ProyectoProductoMascota.csproj", "{B2E82049-0D1B-4935-9D7D-47BC5C1FEA3E}"
EndProject
Project("{FAE04EC0-301F-11D3-BF4B-00C04F79EFBC}") = "Entidades", "Entidades\Entidades.csproj", "{2CC90A71-57F2-4775-934B-C3F824B77823}"
EndProject
Global
	GlobalSection(SolutionConfigurationPlatforms) = preSolution
		Debug|Any CPU = Debug|Any CPU
		Release|Any CPU = Release|Any CPU
	EndGlobalSection
	GlobalSection(ProjectConfigurationPlatforms) = postSolution
		{B2E82049-0D1B-4935-9D7D-47BC5C1FEA3E}.Debug|Any CPU.ActiveCfg = Debug|Any CPU
		{B2E82049-0D1B-4935-9D7D-47BC5C1FEA3E}.Debug|Any CPU.Build.0 = Debug|Any CPU
		{B2E82049-0D1B-4935-9D7D-47BC5C1FEA3E}.Release|Any CPU.ActiveCfg = Release|Any CPU
		{B2E82049-0D1B-4935-9D7D-47BC5C1FEA3E}.Release|Any CPU.Build.0 = Release|Any CPU
		{2CC90A71-57F2-4775-934B-C3F824B77823}.Debug|Any CPU.ActiveCfg = Debug|Any CPU
		{2CC90A71-57F2-4775-934B-C3F824B77823}.Debug|Any CPU.Build.0 = Debug|Any CPU
		{2CC90A71-57F2-4775-934B-C3F824B77823}.Release|Any CPU.ActiveCfg = Release|Any CPU
		{2CC90A71-57F2-4775-934B-C3F824B77823}.Release|Any CPU.Build.0 = Release|Any CPU
	EndGlobalSection
	GlobalSection(SolutionProperties) = preSolution
		HideSolutionNode = FALSE
	EndGlobalSection
	GlobalSection(ExtensibilityGlobals) = postSolution
		SolutionGuid = {AF9CBB62-2A1B-46DB-B21E-C4201B51071C}
	EndGlobalSection
EndGlobal
